
Microsoft Visual Studio Solution File, Format Version 12.00
# Visual Studio Version 16
VisualStudioVersion = 16.0.29519.87
MinimumVisualStudioVersion = 10.0.40219.1
Project("{FAE04EC0-301F-11D3-BF4B-00C04F79EFBC}") = "HubHumano", "HubHumano.csproj", "{375FC390-634A-4A92-BF3E-F7D46E4BDB4A}"
EndProject
Global
	GlobalSection(SolutionConfigurationPlatforms) = preSolution
		Debug|Any CPU = Debug|Any CPU
		Release|Any CPU = Release|Any CPU
	EndGlobalSection
	GlobalSection(ProjectConfigurationPlatforms) = postSolution
		{375FC390-634A-4A92-BF3E-F7D46E4BDB4A}.Debug|Any CPU.ActiveCfg = Debug|Any CPU
		{375FC390-634A-4A92-BF3E-F7D46E4BDB4A}.Debug|Any CPU.Build.0 = Debug|Any CPU
		{375FC390-634A-4A92-BF3E-F7D46E4BDB4A}.Release|Any CPU.ActiveCfg = Release|Any CPU
		{375FC390-634A-4A92-BF3E-F7D46E4BDB4A}.Release|Any CPU.Build.0 = Release|Any CPU
	EndGlobalSection
	GlobalSection(SolutionProperties) = preSolution
		HideSolutionNode = FALSE
	EndGlobalSection
	GlobalSection(ExtensibilityGlobals) = postSolution
		SolutionGuid = {C6C542C8-D3D0-4274-95C7-F57CC0506A2C}
	EndGlobalSection
EndGlobal
